
Microsoft Visual Studio Solution File, Format Version 11.00
# Visual Studio 2010 Express for Windows Phone
Project("{FAE04EC0-301F-11D3-BF4B-00C04F79EFBC}") = "wg7", "wg7\wg7\wg7.csproj", "{39B89254-E373-4C86-A258-558C40294E80}"
EndProject
Project("{96E2B04D-8817-42C6-938A-82C39BA4D311}") = "wg7Content", "wg7\wg7Content\wg7Content.contentproj", "{433BF4E1-3B38-46C7-8621-63D1FF40F2E8}"
EndProject
Global
	GlobalSection(SolutionConfigurationPlatforms) = preSolution
		Debug|Windows Phone = Debug|Windows Phone
		Release|Windows Phone = Release|Windows Phone
	EndGlobalSection
	GlobalSection(ProjectConfigurationPlatforms) = postSolution
		{39B89254-E373-4C86-A258-558C40294E80}.Debug|Windows Phone.ActiveCfg = Debug|Windows Phone
		{39B89254-E373-4C86-A258-558C40294E80}.Debug|Windows Phone.Build.0 = Debug|Windows Phone
		{39B89254-E373-4C86-A258-558C40294E80}.Debug|Windows Phone.Deploy.0 = Debug|Windows Phone
		{39B89254-E373-4C86-A258-558C40294E80}.Release|Windows Phone.ActiveCfg = Release|Windows Phone
		{39B89254-E373-4C86-A258-558C40294E80}.Release|Windows Phone.Build.0 = Release|Windows Phone
		{39B89254-E373-4C86-A258-558C40294E80}.Release|Windows Phone.Deploy.0 = Release|Windows Phone
		{433BF4E1-3B38-46C7-8621-63D1FF40F2E8}.Debug|Windows Phone.ActiveCfg = Debug|Windows Phone
		{433BF4E1-3B38-46C7-8621-63D1FF40F2E8}.Release|Windows Phone.ActiveCfg = Release|Windows Phone
	EndGlobalSection
	GlobalSection(SolutionProperties) = preSolution
		HideSolutionNode = FALSE
	EndGlobalSection
EndGlobal
